
Microsoft Visual Studio Solution File, Format Version 12.00
# Visual Studio Version 16
VisualStudioVersion = 16.0.30320.27
MinimumVisualStudioVersion = 10.0.40219.1
Project("{8BC9CEB8-8B4A-11D0-8D11-00A0C91BC942}") = "Project1", "Project1.vcxproj", "{E5656DDB-A174-4D56-88AA-50F46128FF22}"
EndProject
Global
	GlobalSection(SolutionConfigurationPlatforms) = preSolution
		Debug|x64 = Debug|x64
		Debug|x86 = Debug|x86
		Release|x64 = Release|x64
		Release|x86 = Release|x86
	EndGlobalSection
	GlobalSection(ProjectConfigurationPlatforms) = postSolution
		{E5656DDB-A174-4D56-88AA-50F46128FF22}.Debug|x64.ActiveCfg = Debug|x64
		{E5656DDB-A174-4D56-88AA-50F46128FF22}.Debug|x64.Build.0 = Debug|x64
		{E5656DDB-A174-4D56-88AA-50F46128FF22}.Debug|x86.ActiveCfg = Debug|Win32
		{E5656DDB-A174-4D56-88AA-50F46128FF22}.Debug|x86.Build.0 = Debug|Win32
		{E5656DDB-A174-4D56-88AA-50F46128FF22}.Release|x64.ActiveCfg = Release|x64
		{E5656DDB-A174-4D56-88AA-50F46128FF22}.Release|x64.Build.0 = Release|x64
		{E5656DDB-A174-4D56-88AA-50F46128FF22}.Release|x86.ActiveCfg = Release|Win32
		{E5656DDB-A174-4D56-88AA-50F46128FF22}.Release|x86.Build.0 = Release|Win32
	EndGlobalSection
	GlobalSection(SolutionProperties) = preSolution
		HideSolutionNode = FALSE
	EndGlobalSection
	GlobalSection(ExtensibilityGlobals) = postSolution
		SolutionGuid = {9C600A01-3486-4E1D-825E-1DBB6D5A5FBB}
	EndGlobalSection
EndGlobal
